
Microsoft Visual Studio Solution File, Format Version 12.00
# Visual Studio Version 17
VisualStudioVersion = 17.3.32804.467
MinimumVisualStudioVersion = 10.0.40219.1
Project("{2150E333-8FDC-42A3-9474-1A3956D46DE8}") = "src", "src", "{15286F75-F7E3-4418-91B5-11C948156541}"
EndProject
Project("{2150E333-8FDC-42A3-9474-1A3956D46DE8}") = "corePackages", "corePackages", "{2755919A-4FE6-4E2D-93A0-A8892D201577}"
EndProject
Project("{9A19103F-16F7-4668-BE54-9A1E7A4F7556}") = "Core.Application", "src\corePackages\Core.Application\Core.Application.csproj", "{4CFE7768-A7D1-4C77-A831-92DA21C91D30}"
EndProject
Project("{9A19103F-16F7-4668-BE54-9A1E7A4F7556}") = "Core.CrossCuttingConcerns", "src\corePackages\Core.CrossCuttingConcers\Core.CrossCuttingConcerns.csproj", "{260AFDE3-444D-4B99-9DF5-55BF65FD103C}"
EndProject
Project("{9A19103F-16F7-4668-BE54-9A1E7A4F7556}") = "Core.ElasticSearch", "src\corePackages\Core.ElasticSearch\Core.ElasticSearch.csproj", "{FD1BDB68-7F1F-490D-8E4C-385DA9097209}"
EndProject
Project("{9A19103F-16F7-4668-BE54-9A1E7A4F7556}") = "Core.Mailing", "src\corePackages\Core.Mailing\Core.Mailing.csproj", "{DCFBC175-3D67-4B3B-A6D6-33C2890F7578}"
EndProject
Project("{9A19103F-16F7-4668-BE54-9A1E7A4F7556}") = "Core.Persistence", "src\corePackages\Core.Persistence\Core.Persistence.csproj", "{3AEC837E-B062-4E0D-86B9-237CFD739358}"
EndProject
Project("{9A19103F-16F7-4668-BE54-9A1E7A4F7556}") = "Core.Security", "src\corePackages\Core.Security\Core.Security.csproj", "{F1D14302-0C7C-4D62-A52A-58CF106D8F74}"
EndProject
Project("{2150E333-8FDC-42A3-9474-1A3956D46DE8}") = "demoProjects", "demoProjects", "{3BAC6E89-CCA4-4EF7-8C0D-C73A192161C1}"
EndProject
Project("{2150E333-8FDC-42A3-9474-1A3956D46DE8}") = "kodlama.io.Devs", "kodlama.io.Devs", "{C7E62828-0116-43AD-AB98-469AB91F0B28}"
EndProject
Project("{FAE04EC0-301F-11D3-BF4B-00C04F79EFBC}") = "Application", "src\demoProjects\kodlama.io.Devs\Application\Application.csproj", "{3156B2CF-19A6-4BE5-A910-07EC5D8A2822}"
EndProject
Project("{FAE04EC0-301F-11D3-BF4B-00C04F79EFBC}") = "Domain", "src\demoProjects\kodlama.io.Devs\Domain\Domain.csproj", "{8894D350-4C4E-488F-985C-16F1E5E4BA5E}"
EndProject
Project("{FAE04EC0-301F-11D3-BF4B-00C04F79EFBC}") = "Infrastructure", "src\demoProjects\kodlama.io.Devs\Infrastructure\Infrastructure.csproj", "{EEF9220D-EFDF-4C1E-8B89-F9284D373E1B}"
EndProject
Project("{FAE04EC0-301F-11D3-BF4B-00C04F79EFBC}") = "Persistence", "src\demoProjects\kodlama.io.Devs\Persistence\Persistence.csproj", "{BB1D304B-7A57-41D5-85A6-FA9E63229E14}"
EndProject
Project("{FAE04EC0-301F-11D3-BF4B-00C04F79EFBC}") = "WebAPI", "src\demoProjects\kodlama.io.Devs\WebAPI\WebAPI.csproj", "{C1783A54-D8CD-456B-964A-559B8A57FCED}"
EndProject
Global
	GlobalSection(SolutionConfigurationPlatforms) = preSolution
		Debug|Any CPU = Debug|Any CPU
		Release|Any CPU = Release|Any CPU
	EndGlobalSection
	GlobalSection(ProjectConfigurationPlatforms) = postSolution
		{4CFE7768-A7D1-4C77-A831-92DA21C91D30}.Debug|Any CPU.ActiveCfg = Debug|Any CPU
		{4CFE7768-A7D1-4C77-A831-92DA21C91D30}.Debug|Any CPU.Build.0 = Debug|Any CPU
		{4CFE7768-A7D1-4C77-A831-92DA21C91D30}.Release|Any CPU.ActiveCfg = Release|Any CPU
		{4CFE7768-A7D1-4C77-A831-92DA21C91D30}.Release|Any CPU.Build.0 = Release|Any CPU
		{260AFDE3-444D-4B99-9DF5-55BF65FD103C}.Debug|Any CPU.ActiveCfg = Debug|Any CPU
		{260AFDE3-444D-4B99-9DF5-55BF65FD103C}.Debug|Any CPU.Build.0 = Debug|Any CPU
		{260AFDE3-444D-4B99-9DF5-55BF65FD103C}.Release|Any CPU.ActiveCfg = Release|Any CPU
		{260AFDE3-444D-4B99-9DF5-55BF65FD103C}.Release|Any CPU.Build.0 = Release|Any CPU
		{FD1BDB68-7F1F-490D-8E4C-385DA9097209}.Debug|Any CPU.ActiveCfg = Debug|Any CPU
		{FD1BDB68-7F1F-490D-8E4C-385DA9097209}.Debug|Any CPU.Build.0 = Debug|Any CPU
		{FD1BDB68-7F1F-490D-8E4C-385DA9097209}.Release|Any CPU.ActiveCfg = Release|Any CPU
		{FD1BDB68-7F1F-490D-8E4C-385DA9097209}.Release|Any CPU.Build.0 = Release|Any CPU
		{DCFBC175-3D67-4B3B-A6D6-33C2890F7578}.Debug|Any CPU.ActiveCfg = Debug|Any CPU
		{DCFBC175-3D67-4B3B-A6D6-33C2890F7578}.Debug|Any CPU.Build.0 = Debug|Any CPU
		{DCFBC175-3D67-4B3B-A6D6-33C2890F7578}.Release|Any CPU.ActiveCfg = Release|Any CPU
		{DCFBC175-3D67-4B3B-A6D6-33C2890F7578}.Release|Any CPU.Build.0 = Release|Any CPU
		{3AEC837E-B062-4E0D-86B9-237CFD739358}.Debug|Any CPU.ActiveCfg = Debug|Any CPU
		{3AEC837E-B062-4E0D-86B9-237CFD739358}.Debug|Any CPU.Build.0 = Debug|Any CPU
		{3AEC837E-B062-4E0D-86B9-237CFD739358}.Release|Any CPU.ActiveCfg = Release|Any CPU
		{3AEC837E-B062-4E0D-86B9-237CFD739358}.Release|Any CPU.Build.0 = Release|Any CPU
		{F1D14302-0C7C-4D62-A52A-58CF106D8F74}.Debug|Any CPU.ActiveCfg = Debug|Any CPU
		{F1D14302-0C7C-4D62-A52A-58CF106D8F74}.Debug|Any CPU.Build.0 = Debug|Any CPU
		{F1D14302-0C7C-4D62-A52A-58CF106D8F74}.Release|Any CPU.ActiveCfg = Release|Any CPU
		{F1D14302-0C7C-4D62-A52A-58CF106D8F74}.Release|Any CPU.Build.0 = Release|Any CPU
		{3156B2CF-19A6-4BE5-A910-07EC5D8A2822}.Debug|Any CPU.ActiveCfg = Debug|Any CPU
		{3156B2CF-19A6-4BE5-A910-07EC5D8A2822}.Debug|Any CPU.Build.0 = Debug|Any CPU
		{3156B2CF-19A6-4BE5-A910-07EC5D8A2822}.Release|Any CPU.ActiveCfg = Release|Any CPU
		{3156B2CF-19A6-4BE5-A910-07EC5D8A2822}.Release|Any CPU.Build.0 = Release|Any CPU
		{8894D350-4C4E-488F-985C-16F1E5E4BA5E}.Debug|Any CPU.ActiveCfg = Debug|Any CPU
		{8894D350-4C4E-488F-985C-16F1E5E4BA5E}.Debug|Any CPU.Build.0 = Debug|Any CPU
		{8894D350-4C4E-488F-985C-16F1E5E4BA5E}.Release|Any CPU.ActiveCfg = Release|Any CPU
		{8894D350-4C4E-488F-985C-16F1E5E4BA5E}.Release|Any CPU.Build.0 = Release|Any CPU
		{EEF9220D-EFDF-4C1E-8B89-F9284D373E1B}.Debug|Any CPU.ActiveCfg = Debug|Any CPU
		{EEF9220D-EFDF-4C1E-8B89-F9284D373E1B}.Debug|Any CPU.Build.0 = Debug|Any CPU
		{EEF9220D-EFDF-4C1E-8B89-F9284D373E1B}.Release|Any CPU.ActiveCfg = Release|Any CPU
		{EEF9220D-EFDF-4C1E-8B89-F9284D373E1B}.Release|Any CPU.Build.0 = Release|Any CPU
		{BB1D304B-7A57-41D5-85A6-FA9E63229E14}.Debug|Any CPU.ActiveCfg = Debug|Any CPU
		{BB1D304B-7A57-41D5-85A6-FA9E63229E14}.Debug|Any CPU.Build.0 = Debug|Any CPU
		{BB1D304B-7A57-41D5-85A6-FA9E63229E14}.Release|Any CPU.ActiveCfg = Release|Any CPU
		{BB1D304B-7A57-41D5-85A6-FA9E63229E14}.Release|Any CPU.Build.0 = Release|Any CPU
		{C1783A54-D8CD-456B-964A-559B8A57FCED}.Debug|Any CPU.ActiveCfg = Debug|Any CPU
		{C1783A54-D8CD-456B-964A-559B8A57FCED}.Debug|Any CPU.Build.0 = Debug|Any CPU
		{C1783A54-D8CD-456B-964A-559B8A57FCED}.Release|Any CPU.ActiveCfg = Release|Any CPU
		{C1783A54-D8CD-456B-964A-559B8A57FCED}.Release|Any CPU.Build.0 = Release|Any CPU
	EndGlobalSection
	GlobalSection(SolutionProperties) = preSolution
		HideSolutionNode = FALSE
	EndGlobalSection
	GlobalSection(NestedProjects) = preSolution
		{2755919A-4FE6-4E2D-93A0-A8892D201577} = {15286F75-F7E3-4418-91B5-11C948156541}
		{4CFE7768-A7D1-4C77-A831-92DA21C91D30} = {2755919A-4FE6-4E2D-93A0-A8892D201577}
		{260AFDE3-444D-4B99-9DF5-55BF65FD103C} = {2755919A-4FE6-4E2D-93A0-A8892D201577}
		{FD1BDB68-7F1F-490D-8E4C-385DA9097209} = {2755919A-4FE6-4E2D-93A0-A8892D201577}
		{DCFBC175-3D67-4B3B-A6D6-33C2890F7578} = {2755919A-4FE6-4E2D-93A0-A8892D201577}
		{3AEC837E-B062-4E0D-86B9-237CFD739358} = {2755919A-4FE6-4E2D-93A0-A8892D201577}
		{F1D14302-0C7C-4D62-A52A-58CF106D8F74} = {2755919A-4FE6-4E2D-93A0-A8892D201577}
		{3BAC6E89-CCA4-4EF7-8C0D-C73A192161C1} = {15286F75-F7E3-4418-91B5-11C948156541}
		{C7E62828-0116-43AD-AB98-469AB91F0B28} = {3BAC6E89-CCA4-4EF7-8C0D-C73A192161C1}
		{3156B2CF-19A6-4BE5-A910-07EC5D8A2822} = {C7E62828-0116-43AD-AB98-469AB91F0B28}
		{8894D350-4C4E-488F-985C-16F1E5E4BA5E} = {C7E62828-0116-43AD-AB98-469AB91F0B28}
		{EEF9220D-EFDF-4C1E-8B89-F9284D373E1B} = {C7E62828-0116-43AD-AB98-469AB91F0B28}
		{BB1D304B-7A57-41D5-85A6-FA9E63229E14} = {C7E62828-0116-43AD-AB98-469AB91F0B28}
		{C1783A54-D8CD-456B-964A-559B8A57FCED} = {C7E62828-0116-43AD-AB98-469AB91F0B28}
	EndGlobalSection
	GlobalSection(ExtensibilityGlobals) = postSolution
		SolutionGuid = {32E7BCA6-70FD-4F15-9452-C8A7C9747281}
	EndGlobalSection
EndGlobal
